{
  "name": "meeting-copilot",
  "version": "0.1.0",
  "lockfileVersion": 3,
  "requires": true,
  "packages": {
    "": {
      "name": "meeting-copilot",
      "version": "0.1.0",
      "workspaces": [
        "packages/*"
      ],
      "devDependencies": {
        "typescript": "5.7.2"
      },
      "engines": {
        "node": ">=24"
      }
    },
    "node_modules/@meeting-copilot/assistant": {
      "resolved": "packages/assistant",
      "link": true
    },
    "node_modules/@meeting-copilot/context": {
      "resolved": "packages/context",
      "link": true
    },
    "node_modules/@meeting-copilot/contracts": {
      "resolved": "packages/contracts",
      "link": true
    },
    "node_modules/@meeting-copilot/core": {
      "resolved": "packages/core",
      "link": true
    },
    "node_modules/@meeting-copilot/meetily-adapter": {
      "resolved": "packages/meetily-adapter",
      "link": true
    },
    "node_modules/@meeting-copilot/questions": {
      "resolved": "packages/questions",
      "link": true
    },
    "node_modules/@meeting-copilot/transcript": {
      "resolved": "packages/transcript",
      "link": true
    },
    "node_modules/typescript": {
      "version": "5.7.2",
      "resolved": "https://registry.npmjs.org/typescript/-/typescript-5.7.2.tgz",
      "integrity": "sha512-i5t66RHxDvVN40HfDd1PsEThGNnlMCMT3jMUuoh9/0TaqWevNontacunWyN02LA9/fIbEWlcHZcgTKb9QoaLfg==",
      "dev": true,
      "license": "Apache-2.0",
      "bin": {
        "tsc": "bin/tsc",
        "tsserver": "bin/tsserver"
      },
      "engines": {
        "node": ">=14.17"
      }
    },
    "packages/assistant": {
      "name": "@meeting-copilot/assistant",
      "version": "0.1.0",
      "dependencies": {
        "@meeting-copilot/contracts": "0.1.0"
      }
    },
    "packages/context": {
      "name": "@meeting-copilot/context",
      "version": "0.1.0",
      "dependencies": {
        "@meeting-copilot/contracts": "0.1.0"
      }
    },
    "packages/contracts": {
      "name": "@meeting-copilot/contracts",
      "version": "0.1.0"
    },
    "packages/core": {
      "name": "@meeting-copilot/core",
      "version": "0.1.0",
      "dependencies": {
        "@meeting-copilot/assistant": "0.1.0",
        "@meeting-copilot/context": "0.1.0",
        "@meeting-copilot/contracts": "0.1.0",
        "@meeting-copilot/questions": "0.1.0",
        "@meeting-copilot/transcript": "0.1.0"
      }
    },
    "packages/meetily-adapter": {
      "name": "@meeting-copilot/meetily-adapter",
      "version": "0.1.0",
      "dependencies": {
        "@meeting-copilot/contracts": "0.1.0"
      }
    },
    "packages/questions": {
      "name": "@meeting-copilot/questions",
      "version": "0.1.0",
      "dependencies": {
        "@meeting-copilot/contracts": "0.1.0"
      }
    },
    "packages/transcript": {
      "name": "@meeting-copilot/transcript",
      "version": "0.1.0",
      "dependencies": {
        "@meeting-copilot/contracts": "0.1.0"
      }
    }
  }
}
